
Microsoft Visual Studio Solution File, Format Version 12.00
# Visual Studio Version 17
VisualStudioVersion = 17.11.35312.102
MinimumVisualStudioVersion = 10.0.40219.1
Project("{FAE04EC0-301F-11D3-BF4B-00C04F79EFBC}") = "vrijednostPDV", "vrijednostPDV\vrijednostPDV.csproj", "{FE3B9E6C-416E-4660-97B5-4CE3526375BD}"
EndProject
Global
	GlobalSection(SolutionConfigurationPlatforms) = preSolution
		Debug|Any CPU = Debug|Any CPU
		Release|Any CPU = Release|Any CPU
	EndGlobalSection
	GlobalSection(ProjectConfigurationPlatforms) = postSolution
		{FE3B9E6C-416E-4660-97B5-4CE3526375BD}.Debug|Any CPU.ActiveCfg = Debug|Any CPU
		{FE3B9E6C-416E-4660-97B5-4CE3526375BD}.Debug|Any CPU.Build.0 = Debug|Any CPU
		{FE3B9E6C-416E-4660-97B5-4CE3526375BD}.Release|Any CPU.ActiveCfg = Release|Any CPU
		{FE3B9E6C-416E-4660-97B5-4CE3526375BD}.Release|Any CPU.Build.0 = Release|Any CPU
	EndGlobalSection
	GlobalSection(SolutionProperties) = preSolution
		HideSolutionNode = FALSE
	EndGlobalSection
	GlobalSection(ExtensibilityGlobals) = postSolution
		SolutionGuid = {1CFC13B5-484D-42A1-97AD-F16BE715CA1B}
	EndGlobalSection
EndGlobal
